
Microsoft Visual Studio Solution File, Format Version 12.00
# Visual Studio Version 16
VisualStudioVersion = 16.0.29613.14
MinimumVisualStudioVersion = 10.0.40219.1
Project("{FAE04EC0-301F-11D3-BF4B-00C04F79EFBC}") = "EFDAL", "EFDAL.csproj", "{A64A1D63-B852-45CC-BC50-A68693429C1B}"
EndProject
Project("{FAE04EC0-301F-11D3-BF4B-00C04F79EFBC}") = "EMS-Client", "..\EMS-Client\EMS-Client.csproj", "{1D0EE058-58E9-4C51-A9C7-688F4C978ACF}"
EndProject
Global
	GlobalSection(SolutionConfigurationPlatforms) = preSolution
		Debug|Any CPU = Debug|Any CPU
		Release|Any CPU = Release|Any CPU
	EndGlobalSection
	GlobalSection(ProjectConfigurationPlatforms) = postSolution
		{A64A1D63-B852-45CC-BC50-A68693429C1B}.Debug|Any CPU.ActiveCfg = Debug|Any CPU
		{A64A1D63-B852-45CC-BC50-A68693429C1B}.Debug|Any CPU.Build.0 = Debug|Any CPU
		{A64A1D63-B852-45CC-BC50-A68693429C1B}.Release|Any CPU.ActiveCfg = Release|Any CPU
		{A64A1D63-B852-45CC-BC50-A68693429C1B}.Release|Any CPU.Build.0 = Release|Any CPU
		{1D0EE058-58E9-4C51-A9C7-688F4C978ACF}.Debug|Any CPU.ActiveCfg = Debug|Any CPU
		{1D0EE058-58E9-4C51-A9C7-688F4C978ACF}.Debug|Any CPU.Build.0 = Debug|Any CPU
		{1D0EE058-58E9-4C51-A9C7-688F4C978ACF}.Release|Any CPU.ActiveCfg = Release|Any CPU
		{1D0EE058-58E9-4C51-A9C7-688F4C978ACF}.Release|Any CPU.Build.0 = Release|Any CPU
	EndGlobalSection
	GlobalSection(SolutionProperties) = preSolution
		HideSolutionNode = FALSE
	EndGlobalSection
	GlobalSection(ExtensibilityGlobals) = postSolution
		SolutionGuid = {FA50EF62-DE76-4991-9B4B-3AE64C92C99D}
	EndGlobalSection
EndGlobal
