
Microsoft Visual Studio Solution File, Format Version 12.00
# Visual Studio Version 16
VisualStudioVersion = 16.0.29613.14
MinimumVisualStudioVersion = 10.0.40219.1
Project("{FAE04EC0-301F-11D3-BF4B-00C04F79EFBC}") = "EmployeeWeb", "EmployeeWeb.csproj", "{1ACCB7DF-9D2A-47B9-B432-DF8BAF188D2C}"
EndProject
Global
	GlobalSection(SolutionConfigurationPlatforms) = preSolution
		Debug|Any CPU = Debug|Any CPU
		Release|Any CPU = Release|Any CPU
	EndGlobalSection
	GlobalSection(ProjectConfigurationPlatforms) = postSolution
		{1ACCB7DF-9D2A-47B9-B432-DF8BAF188D2C}.Debug|Any CPU.ActiveCfg = Debug|Any CPU
		{1ACCB7DF-9D2A-47B9-B432-DF8BAF188D2C}.Debug|Any CPU.Build.0 = Debug|Any CPU
		{1ACCB7DF-9D2A-47B9-B432-DF8BAF188D2C}.Release|Any CPU.ActiveCfg = Release|Any CPU
		{1ACCB7DF-9D2A-47B9-B432-DF8BAF188D2C}.Release|Any CPU.Build.0 = Release|Any CPU
	EndGlobalSection
	GlobalSection(SolutionProperties) = preSolution
		HideSolutionNode = FALSE
	EndGlobalSection
	GlobalSection(ExtensibilityGlobals) = postSolution
		SolutionGuid = {597E05C7-4CE3-494F-B998-D2B5E4DE12C3}
	EndGlobalSection
EndGlobal
