
Microsoft Visual Studio Solution File, Format Version 12.00
# Visual Studio Version 16
VisualStudioVersion = 16.0.29613.14
MinimumVisualStudioVersion = 10.0.40219.1
Project("{FAE04EC0-301F-11D3-BF4B-00C04F79EFBC}") = "EmployeeManagement1", "EmployeeManagement1.csproj", "{DCE396B6-CA55-4199-B23A-624E8665F90C}"
EndProject
Global
	GlobalSection(SolutionConfigurationPlatforms) = preSolution
		Debug|Any CPU = Debug|Any CPU
		Release|Any CPU = Release|Any CPU
	EndGlobalSection
	GlobalSection(ProjectConfigurationPlatforms) = postSolution
		{DCE396B6-CA55-4199-B23A-624E8665F90C}.Debug|Any CPU.ActiveCfg = Debug|Any CPU
		{DCE396B6-CA55-4199-B23A-624E8665F90C}.Debug|Any CPU.Build.0 = Debug|Any CPU
		{DCE396B6-CA55-4199-B23A-624E8665F90C}.Release|Any CPU.ActiveCfg = Release|Any CPU
		{DCE396B6-CA55-4199-B23A-624E8665F90C}.Release|Any CPU.Build.0 = Release|Any CPU
	EndGlobalSection
	GlobalSection(SolutionProperties) = preSolution
		HideSolutionNode = FALSE
	EndGlobalSection
	GlobalSection(ExtensibilityGlobals) = postSolution
		SolutionGuid = {270C25DD-89BA-43A1-9E17-763CD881BCFB}
	EndGlobalSection
EndGlobal
